
Microsoft Visual Studio Solution File, Format Version 12.00
# Visual Studio 14
VisualStudioVersion = 14.0.25420.1
MinimumVisualStudioVersion = 10.0.40219.1
Project("{FAE04EC0-301F-11D3-BF4B-00C04F79EFBC}") = "Datos", "Datos\Datos.csproj", "{8D8E5335-9D06-4283-A59F-6BDA3E1F4804}"
EndProject
Project("{FAE04EC0-301F-11D3-BF4B-00C04F79EFBC}") = "Modelo", "Modelo\Modelo.csproj", "{401F23BF-5E22-4AE3-835E-94B33205C1A6}"
EndProject
Project("{FAE04EC0-301F-11D3-BF4B-00C04F79EFBC}") = "WcfNegocio", "WcfNegocio\WcfNegocio.csproj", "{9728B0B7-D686-4683-AEC3-9C58215C4F47}"
EndProject
Project("{FAE04EC0-301F-11D3-BF4B-00C04F79EFBC}") = "Web", "Web\Web.csproj", "{A24B478B-F466-49AB-A1E4-294FFED03090}"
EndProject
Global
	GlobalSection(SolutionConfigurationPlatforms) = preSolution
		Debug|Any CPU = Debug|Any CPU
		Release|Any CPU = Release|Any CPU
	EndGlobalSection
	GlobalSection(ProjectConfigurationPlatforms) = postSolution
		{8D8E5335-9D06-4283-A59F-6BDA3E1F4804}.Debug|Any CPU.ActiveCfg = Debug|Any CPU
		{8D8E5335-9D06-4283-A59F-6BDA3E1F4804}.Debug|Any CPU.Build.0 = Debug|Any CPU
		{8D8E5335-9D06-4283-A59F-6BDA3E1F4804}.Release|Any CPU.ActiveCfg = Release|Any CPU
		{8D8E5335-9D06-4283-A59F-6BDA3E1F4804}.Release|Any CPU.Build.0 = Release|Any CPU
		{401F23BF-5E22-4AE3-835E-94B33205C1A6}.Debug|Any CPU.ActiveCfg = Debug|Any CPU
		{401F23BF-5E22-4AE3-835E-94B33205C1A6}.Debug|Any CPU.Build.0 = Debug|Any CPU
		{401F23BF-5E22-4AE3-835E-94B33205C1A6}.Release|Any CPU.ActiveCfg = Release|Any CPU
		{401F23BF-5E22-4AE3-835E-94B33205C1A6}.Release|Any CPU.Build.0 = Release|Any CPU
		{9728B0B7-D686-4683-AEC3-9C58215C4F47}.Debug|Any CPU.ActiveCfg = Debug|Any CPU
		{9728B0B7-D686-4683-AEC3-9C58215C4F47}.Debug|Any CPU.Build.0 = Debug|Any CPU
		{9728B0B7-D686-4683-AEC3-9C58215C4F47}.Release|Any CPU.ActiveCfg = Release|Any CPU
		{9728B0B7-D686-4683-AEC3-9C58215C4F47}.Release|Any CPU.Build.0 = Release|Any CPU
		{A24B478B-F466-49AB-A1E4-294FFED03090}.Debug|Any CPU.ActiveCfg = Debug|Any CPU
		{A24B478B-F466-49AB-A1E4-294FFED03090}.Debug|Any CPU.Build.0 = Debug|Any CPU
		{A24B478B-F466-49AB-A1E4-294FFED03090}.Release|Any CPU.ActiveCfg = Release|Any CPU
		{A24B478B-F466-49AB-A1E4-294FFED03090}.Release|Any CPU.Build.0 = Release|Any CPU
	EndGlobalSection
	GlobalSection(SolutionProperties) = preSolution
		HideSolutionNode = FALSE
	EndGlobalSection
EndGlobal
